{
  "name": "gibki",
  "version": "2.1.0",
  "lockfileVersion": 1,
  "requires": true,
  "dependencies": {
    "autoprefixer": {
      "version": "10.3.5",
      "resolved": "https://registry.npmjs.org/autoprefixer/-/autoprefixer-10.3.5.tgz",
      "integrity": "sha512-2H5kQSsyoOMdIehTzIt/sC9ZDIgWqlkG/dbevm9B9xQZ1TDPBHpNUDW5ENqqQQzuaBWEo75JkV0LJe+o5Lnr5g==",
      "dev": true,
      "requires": {
        "browserslist": "^4.17.1",
        "caniuse-lite": "^1.0.30001259",
        "fraction.js": "^4.1.1",
        "nanocolors": "^0.1.5",
        "normalize-range": "^0.1.2",
        "postcss-value-parser": "^4.1.0"
      }
    },
    "browserslist": {
      "version": "4.17.1",
      "resolved": "https://registry.npmjs.org/browserslist/-/browserslist-4.17.1.tgz",
      "integrity": "sha512-aLD0ZMDSnF4lUt4ZDNgqi5BUn9BZ7YdQdI/cYlILrhdSSZJLU9aNZoD5/NBmM4SK34APB2e83MOsRt1EnkuyaQ==",
      "dev": true,
      "requires": {
        "caniuse-lite": "^1.0.30001259",
        "electron-to-chromium": "^1.3.846",
        "escalade": "^3.1.1",
        "nanocolors": "^0.1.5",
        "node-releases": "^1.1.76"
      }
    },
    "caniuse-lite": {
      "version": "1.0.30001260",
      "resolved": "https://registry.npmjs.org/caniuse-lite/-/caniuse-lite-1.0.30001260.tgz",
      "integrity": "sha512-Fhjc/k8725ItmrvW5QomzxLeojewxvqiYCKeFcfFEhut28IVLdpHU19dneOmltZQIE5HNbawj1HYD+1f2bM1Dg==",
      "dev": true,
      "requires": {
        "nanocolors": "^0.1.0"
      }
    },
    "electron-to-chromium": {
      "version": "1.3.850",
      "resolved": "https://registry.npmjs.org/electron-to-chromium/-/electron-to-chromium-1.3.850.tgz",
      "integrity": "sha512-ZzkDcdzePeF4dhoGZQT77V2CyJOpwfTZEOg4h0x6R/jQhGt/rIRpbRyVreWLtD7B/WsVxo91URm2WxMKR9JQZA==",
      "dev": true
    },
    "escalade": {
      "version": "3.1.1",
      "resolved": "https://registry.npmjs.org/escalade/-/escalade-3.1.1.tgz",
      "integrity": "sha512-k0er2gUkLf8O0zKJiAhmkTnJlTvINGv7ygDNPbeIsX/TJjGJZHuh9B2UxbsaEkmlEo9MfhrSzmhIlhRlI2GXnw==",
      "dev": true
    },
    "fraction.js": {
      "version": "4.1.1",
      "resolved": "https://registry.npmjs.org/fraction.js/-/fraction.js-4.1.1.tgz",
      "integrity": "sha512-MHOhvvxHTfRFpF1geTK9czMIZ6xclsEor2wkIGYYq+PxcQqT7vStJqjhe6S1TenZrMZzo+wlqOufBDVepUEgPg==",
      "dev": true
    },
    "nanocolors": {
      "version": "0.1.12",
      "resolved": "https://registry.npmjs.org/nanocolors/-/nanocolors-0.1.12.tgz",
      "integrity": "sha512-2nMHqg1x5PU+unxX7PGY7AuYxl2qDx7PSrTRjizr8sxdd3l/3hBuWWaki62qmtYm2U5i4Z5E7GbjlyDFhs9/EQ==",
      "dev": true
    },
    "node-releases": {
      "version": "1.1.76",
      "resolved": "https://registry.npmjs.org/node-releases/-/node-releases-1.1.76.tgz",
      "integrity": "sha512-9/IECtNr8dXNmPWmFXepT0/7o5eolGesHUa3mtr0KlgnCvnZxwh2qensKL42JJY2vQKC3nIBXetFAqR+PW1CmA==",
      "dev": true
    },
    "normalize-range": {
      "version": "0.1.2",
      "resolved": "https://registry.npmjs.org/normalize-range/-/normalize-range-0.1.2.tgz",
      "integrity": "sha1-LRDAa9/TEuqXd2laTShDlFa3WUI=",
      "dev": true
    },
    "postcss-value-parser": {
      "version": "4.1.0",
      "resolved": "https://registry.npmjs.org/postcss-value-parser/-/postcss-value-parser-4.1.0.tgz",
      "integrity": "sha512-97DXOFbQJhk71ne5/Mt6cOu6yxsSfM0QGQyl0L25Gca4yGWEGJaig7l7gbCX623VqTBNGLRLaVUCnNkcedlRSQ==",
      "dev": true
    }
  }
}
